// !$*UTF8*$!
{
	archiveVersion = 1;
	classes = {
	};
	objectVersion = 46;
	objects = {

/* Begin PBXBuildFile section */
		8C5605681C0A463200D38CD0 /* AppDelegate.swift in Sources */ = {isa = PBXBuildFile; fileRef = 8C5605671C0A463200D38CD0 /* AppDelegate.swift */; };
		8C56056A1C0A463200D38CD0 /* ViewController.swift in Sources */ = {isa = PBXBuildFile; fileRef = 8C5605691C0A463200D38CD0 /* ViewController.swift */; };
		8C56056D1C0A463200D38CD0 /* Main.storyboard in Resources */ = {isa = PBXBuildFile; fileRef = 8C56056B1C0A463200D38CD0 /* Main.storyboard */; };
		8C56056F1C0A463200D38CD0 /* Assets.xcassets in Resources */ = {isa = PBXBuildFile; fileRef = 8C56056E1C0A463200D38CD0 /* Assets.xcassets */; };
		8C5605721C0A463200D38CD0 /* LaunchScreen.storyboard in Resources */ = {isa = PBXBuildFile; fileRef = 8C5605701C0A463200D38CD0 /* LaunchScreen.storyboard */; };
		8C5605771C0A463200D38CD0 /* AppPizzaWatch WatchKit App.app in Embed Watch Content */ = {isa = PBXBuildFile; fileRef = 8C5605761C0A463200D38CD0 /* AppPizzaWatch WatchKit App.app */; };
		8C56057D1C0A463200D38CD0 /* Interface.storyboard in Resources */ = {isa = PBXBuildFile; fileRef = 8C56057B1C0A463200D38CD0 /* Interface.storyboard */; };
		8C56057F1C0A463200D38CD0 /* Assets.xcassets in Resources */ = {isa = PBXBuildFile; fileRef = 8C56057E1C0A463200D38CD0 /* Assets.xcassets */; };
		8C5605861C0A463200D38CD0 /* AppPizzaWatch WatchKit Extension.appex in Embed App Extensions */ = {isa = PBXBuildFile; fileRef = 8C5605851C0A463200D38CD0 /* AppPizzaWatch WatchKit Extension.appex */; settings = {ATTRIBUTES = (RemoveHeadersOnCopy, ); }; };
		8C56058B1C0A463200D38CD0 /* InterfaceController.swift in Sources */ = {isa = PBXBuildFile; fileRef = 8C56058A1C0A463200D38CD0 /* InterfaceController.swift */; };
		8C56058D1C0A463200D38CD0 /* ExtensionDelegate.swift in Sources */ = {isa = PBXBuildFile; fileRef = 8C56058C1C0A463200D38CD0 /* ExtensionDelegate.swift */; };
		8C56058F1C0A463200D38CD0 /* Assets.xcassets in Resources */ = {isa = PBXBuildFile; fileRef = 8C56058E1C0A463200D38CD0 /* Assets.xcassets */; };
		8C5605A11C0A51AA00D38CD0 /* SizePizzaController.swift in Sources */ = {isa = PBXBuildFile; fileRef = 8C5605A01C0A51AA00D38CD0 /* SizePizzaController.swift */; };
		8C5605A31C0A692000D38CD0 /* TipoMasaController.swift in Sources */ = {isa = PBXBuildFile; fileRef = 8C5605A21C0A692000D38CD0 /* TipoMasaController.swift */; };
		8C5605A51C0A720B00D38CD0 /* TipoQuesoController.swift in Sources */ = {isa = PBXBuildFile; fileRef = 8C5605A41C0A720B00D38CD0 /* TipoQuesoController.swift */; };
		8C5605A71C0A740E00D38CD0 /* IngredientesController.swift in Sources */ = {isa = PBXBuildFile; fileRef = 8C5605A61C0A740E00D38CD0 /* IngredientesController.swift */; };
		8C5605A91C0B112700D38CD0 /* PedidoController.swift in Sources */ = {isa = PBXBuildFile; fileRef = 8C5605A81C0B112700D38CD0 /* PedidoController.swift */; };
/* End PBXBuildFile section */

/* Begin PBXContainerItemProxy section */
		8C5605781C0A463200D38CD0 /* PBXContainerItemProxy */ = {
			isa = PBXContainerItemProxy;
			containerPortal = 8C56055C1C0A463200D38CD0 /* Project object */;
			proxyType = 1;
			remoteGlobalIDString = 8C5605751C0A463200D38CD0;
			remoteInfo = "AppPizzaWatch WatchKit App";
		};
		8C5605871C0A463200D38CD0 /* PBXContainerItemProxy */ = {
			isa = PBXContainerItemProxy;
			containerPortal = 8C56055C1C0A463200D38CD0 /* Project object */;
			proxyType = 1;
			remoteGlobalIDString = 8C5605841C0A463200D38CD0;
			remoteInfo = "AppPizzaWatch WatchKit Extension";
		};
/* End PBXContainerItemProxy section */

/* Begin PBXCopyFilesBuildPhase section */
		8C5605961C0A463200D38CD0 /* Embed App Extensions */ = {
			isa = PBXCopyFilesBuildPhase;
			buildActionMask = 2147483647;
			dstPath = "";
			dstSubfolderSpec = 13;
			files = (
				8C5605861C0A463200D38CD0 /* AppPizzaWatch WatchKit Extension.appex in Embed App Extensions */,
			);
			name = "Embed App Extensions";
			runOnlyForDeploymentPostprocessing = 0;
		};
		8C56059A1C0A463200D38CD0 /* Embed Watch Content */ = {
			isa = PBXCopyFilesBuildPhase;
			buildActionMask = 2147483647;
			dstPath = "$(CONTENTS_FOLDER_PATH)/Watch";
			dstSubfolderSpec = 16;
			files = (
				8C5605771C0A463200D38CD0 /* AppPizzaWatch WatchKit App.app in Embed Watch Content */,
			);
			name = "Embed Watch Content";
			runOnlyForDeploymentPostprocessing = 0;
		};
/* End PBXCopyFilesBuildPhase section */

/* Begin PBXFileReference section */
		8C5605641C0A463200D38CD0 /* AppPizzaWatch.app */ = {isa = PBXFileReference; explicitFileType = wrapper.application; includeInIndex = 0; path = AppPizzaWatch.app; sourceTree = BUILT_PRODUCTS_DIR; };
		8C5605671C0A463200D38CD0 /* AppDelegate.swift */ = {isa = PBXFileReference; lastKnownFileType = sourcecode.swift; path = AppDelegate.swift; sourceTree = "<group>"; };
		8C5605691C0A463200D38CD0 /* ViewController.swift */ = {isa = PBXFileReference; lastKnownFileType = sourcecode.swift; path = ViewController.swift; sourceTree = "<group>"; };
		8C56056C1C0A463200D38CD0 /* Base */ = {isa = PBXFileReference; lastKnownFileType = file.storyboard; name = Base; path = Base.lproj/Main.storyboard; sourceTree = "<group>"; };
		8C56056E1C0A463200D38CD0 /* Assets.xcassets */ = {isa = PBXFileReference; lastKnownFileType = folder.assetcatalog; path = Assets.xcassets; sourceTree = "<group>"; };
		8C5605711C0A463200D38CD0 /* Base */ = {isa = PBXFileReference; lastKnownFileType = file.storyboard; name = Base; path = Base.lproj/LaunchScreen.storyboard; sourceTree = "<group>"; };
		8C5605731C0A463200D38CD0 /* Info.plist */ = {isa = PBXFileReference; lastKnownFileType = text.plist.xml; path = Info.plist; sourceTree = "<group>"; };
		8C5605761C0A463200D38CD0 /* AppPizzaWatch WatchKit App.app */ = {isa = PBXFileReference; explicitFileType = wrapper.application; includeInIndex = 0; path = "AppPizzaWatch WatchKit App.app"; sourceTree = BUILT_PRODUCTS_DIR; };
		8C56057C1C0A463200D38CD0 /* Base */ = {isa = PBXFileReference; lastKnownFileType = file.storyboard; name = Base; path = Base.lproj/Interface.storyboard; sourceTree = "<group>"; };
		8C56057E1C0A463200D38CD0 /* Assets.xcassets */ = {isa = PBXFileReference; lastKnownFileType = folder.assetcatalog; path = Assets.xcassets; sourceTree = "<group>"; };
		8C5605801C0A463200D38CD0 /* Info.plist */ = {isa = PBXFileReference; lastKnownFileType = text.plist.xml; path = Info.plist; sourceTree = "<group>"; };
		8C5605851C0A463200D38CD0 /* AppPizzaWatch WatchKit Extension.appex */ = {isa = PBXFileReference; explicitFileType = "wrapper.app-extension"; includeInIndex = 0; path = "AppPizzaWatch WatchKit Extension.appex"; sourceTree = BUILT_PRODUCTS_DIR; };
		8C56058A1C0A463200D38CD0 /* InterfaceController.swift */ = {isa = PBXFileReference; lastKnownFileType = sourcecode.swift; path = InterfaceController.swift; sourceTree = "<group>"; };
		8C56058C1C0A463200D38CD0 /* ExtensionDelegate.swift */ = {isa = PBXFileReference; lastKnownFileType = sourcecode.swift; path = ExtensionDelegate.swift; sourceTree = "<group>"; };
		8C56058E1C0A463200D38CD0 /* Assets.xcassets */ = {isa = PBXFileReference; lastKnownFileType = folder.assetcatalog; path = Assets.xcassets; sourceTree = "<group>"; };
		8C5605901C0A463200D38CD0 /* Info.plist */ = {isa = PBXFileReference; lastKnownFileType = text.plist.xml; path = Info.plist; sourceTree = "<group>"; };
		8C5605A01C0A51AA00D38CD0 /* SizePizzaController.swift */ = {isa = PBXFileReference; fileEncoding = 4; lastKnownFileType = sourcecode.swift; path = SizePizzaController.swift; sourceTree = "<group>"; };
		8C5605A21C0A692000D38CD0 /* TipoMasaController.swift */ = {isa = PBXFileReference; fileEncoding = 4; lastKnownFileType = sourcecode.swift; path = TipoMasaController.swift; sourceTree = "<group>"; };
		8C5605A41C0A720B00D38CD0 /* TipoQuesoController.swift */ = {isa = PBXFileReference; fileEncoding = 4; lastKnownFileType = sourcecode.swift; path = TipoQuesoController.swift; sourceTree = "<group>"; };
		8C5605A61C0A740E00D38CD0 /* IngredientesController.swift */ = {isa = PBXFileReference; fileEncoding = 4; lastKnownFileType = sourcecode.swift; path = IngredientesController.swift; sourceTree = "<group>"; };
		8C5605A81C0B112700D38CD0 /* PedidoController.swift */ = {isa = PBXFileReference; fileEncoding = 4; lastKnownFileType = sourcecode.swift; path = PedidoController.swift; sourceTree = "<group>"; };
/* End PBXFileReference section */

/* Begin PBXFrameworksBuildPhase section */
		8C5605611C0A463200D38CD0 /* Frameworks */ = {
			isa = PBXFrameworksBuildPhase;
			buildActionMask = 2147483647;
			files = (
			);
			runOnlyForDeploymentPostprocessing = 0;
		};
		8C5605821C0A463200D38CD0 /* Frameworks */ = {
			isa = PBXFrameworksBuildPhase;
			buildActionMask = 2147483647;
			files = (
			);
			runOnlyForDeploymentPostprocessing = 0;
		};
/* End PBXFrameworksBuildPhase section */

/* Begin PBXGroup section */
		8C56055B1C0A463200D38CD0 = {
			isa = PBXGroup;
			children = (
				8C5605661C0A463200D38CD0 /* AppPizzaWatch */,
				8C56057A1C0A463200D38CD0 /* AppPizzaWatch WatchKit App */,
				8C5605891C0A463200D38CD0 /* AppPizzaWatch WatchKit Extension */,
				8C5605651C0A463200D38CD0 /* Products */,
			);
			sourceTree = "<group>";
		};
		8C5605651C0A463200D38CD0 /* Products */ = {
			isa = PBXGroup;
			children = (
				8C5605641C0A463200D38CD0 /* AppPizzaWatch.app */,
				8C5605761C0A463200D38CD0 /* AppPizzaWatch WatchKit App.app */,
				8C5605851C0A463200D38CD0 /* AppPizzaWatch WatchKit Extension.appex */,
			);
			name = Products;
			sourceTree = "<group>";
		};
		8C5605661C0A463200D38CD0 /* AppPizzaWatch */ = {
			isa = PBXGroup;
			children = (
				8C5605671C0A463200D38CD0 /* AppDelegate.swift */,
				8C5605691C0A463200D38CD0 /* ViewController.swift */,
				8C56056B1C0A463200D38CD0 /* Main.storyboard */,
				8C56056E1C0A463200D38CD0 /* Assets.xcassets */,
				8C5605701C0A463200D38CD0 /* LaunchScreen.storyboard */,
				8C5605731C0A463200D38CD0 /* Info.plist */,
			);
			path = AppPizzaWatch;
			sourceTree = "<group>";
		};
		8C56057A1C0A463200D38CD0 /* AppPizzaWatch WatchKit App */ = {
			isa = PBXGroup;
			children = (
				8C56057B1C0A463200D38CD0 /* Interface.storyboard */,
				8C56057E1C0A463200D38CD0 /* Assets.xcassets */,
				8C5605801C0A463200D38CD0 /* Info.plist */,
			);
			path = "AppPizzaWatch WatchKit App";
			sourceTree = "<group>";
		};
		8C5605891C0A463200D38CD0 /* AppPizzaWatch WatchKit Extension */ = {
			isa = PBXGroup;
			children = (
				8C56058A1C0A463200D38CD0 /* InterfaceController.swift */,
				8C56058C1C0A463200D38CD0 /* ExtensionDelegate.swift */,
				8C56058E1C0A463200D38CD0 /* Assets.xcassets */,
				8C5605901C0A463200D38CD0 /* Info.plist */,
				8C5605A01C0A51AA00D38CD0 /* SizePizzaController.swift */,
				8C5605A21C0A692000D38CD0 /* TipoMasaController.swift */,
				8C5605A41C0A720B00D38CD0 /* TipoQuesoController.swift */,
				8C5605A61C0A740E00D38CD0 /* IngredientesController.swift */,
				8C5605A81C0B112700D38CD0 /* PedidoController.swift */,
			);
			path = "AppPizzaWatch WatchKit Extension";
			sourceTree = "<group>";
		};
/* End PBXGroup section */

/* Begin PBXNativeTarget section */
		8C5605631C0A463200D38CD0 /* AppPizzaWatch */ = {
			isa = PBXNativeTarget;
			buildConfigurationList = 8C56059B1C0A463200D38CD0 /* Build configuration list for PBXNativeTarget "AppPizzaWatch" */;
			buildPhases = (
				8C5605601C0A463200D38CD0 /* Sources */,
				8C5605611C0A463200D38CD0 /* Frameworks */,
				8C5605621C0A463200D38CD0 /* Resources */,
				8C56059A1C0A463200D38CD0 /* Embed Watch Content */,
			);
			buildRules = (
			);
			dependencies = (
				8C5605791C0A463200D38CD0 /* PBXTargetDependency */,
			);
			name = AppPizzaWatch;
			productName = AppPizzaWatch;
			productReference = 8C5605641C0A463200D38CD0 /* AppPizzaWatch.app */;
			productType = "com.apple.product-type.application";
		};
		8C5605751C0A463200D38CD0 /* AppPizzaWatch WatchKit App */ = {
			isa = PBXNativeTarget;
			buildConfigurationList = 8C5605971C0A463200D38CD0 /* Build configuration list for PBXNativeTarget "AppPizzaWatch WatchKit App" */;
			buildPhases = (
				8C5605741C0A463200D38CD0 /* Resources */,
				8C5605961C0A463200D38CD0 /* Embed App Extensions */,
			);
			buildRules = (
			);
			dependencies = (
				8C5605881C0A463200D38CD0 /* PBXTargetDependency */,
			);
			name = "AppPizzaWatch WatchKit App";
			productName = "AppPizzaWatch WatchKit App";
			productReference = 8C5605761C0A463200D38CD0 /* AppPizzaWatch WatchKit App.app */;
			productType = "com.apple.product-type.application.watchapp2";
		};
		8C5605841C0A463200D38CD0 /* AppPizzaWatch WatchKit Extension */ = {
			isa = PBXNativeTarget;
			buildConfigurationList = 8C5605931C0A463200D38CD0 /* Build configuration list for PBXNativeTarget "AppPizzaWatch WatchKit Extension" */;
			buildPhases = (
				8C5605811C0A463200D38CD0 /* Sources */,
				8C5605821C0A463200D38CD0 /* Frameworks */,
				8C5605831C0A463200D38CD0 /* Resources */,
			);
			buildRules = (
			);
			dependencies = (
			);
			name = "AppPizzaWatch WatchKit Extension";
			productName = "AppPizzaWatch WatchKit Extension";
			productReference = 8C5605851C0A463200D38CD0 /* AppPizzaWatch WatchKit Extension.appex */;
			productType = "com.apple.product-type.watchkit2-extension";
		};
/* End PBXNativeTarget section */

/* Begin PBXProject section */
		8C56055C1C0A463200D38CD0 /* Project object */ = {
			isa = PBXProject;
			attributes = {
				LastSwiftUpdateCheck = 0710;
				LastUpgradeCheck = 0710;
				ORGANIZATIONNAME = lagunahack;
				TargetAttributes = {
					8C5605631C0A463200D38CD0 = {
						CreatedOnToolsVersion = 7.1.1;
					};
					8C5605751C0A463200D38CD0 = {
						CreatedOnToolsVersion = 7.1.1;
					};
					8C5605841C0A463200D38CD0 = {
						CreatedOnToolsVersion = 7.1.1;
					};
				};
			};
			buildConfigurationList = 8C56055F1C0A463200D38CD0 /* Build configuration list for PBXProject "AppPizzaWatch" */;
			compatibilityVersion = "Xcode 3.2";
			developmentRegion = English;
			hasScannedForEncodings = 0;
			knownRegions = (
				en,
				Base,
			);
			mainGroup = 8C56055B1C0A463200D38CD0;
			productRefGroup = 8C5605651C0A463200D38CD0 /* Products */;
			projectDirPath = "";
			projectRoot = "";
			targets = (
				8C5605631C0A463200D38CD0 /* AppPizzaWatch */,
				8C5605751C0A463200D38CD0 /* AppPizzaWatch WatchKit App */,
				8C5605841C0A463200D38CD0 /* AppPizzaWatch WatchKit Extension */,
			);
		};
/* End PBXProject section */

/* Begin PBXResourcesBuildPhase section */
		8C5605621C0A463200D38CD0 /* Resources */ = {
			isa = PBXResourcesBuildPhase;
			buildActionMask = 2147483647;
			files = (
				8C5605721C0A463200D38CD0 /* LaunchScreen.storyboard in Resources */,
				8C56056F1C0A463200D38CD0 /* Assets.xcassets in Resources */,
				8C56056D1C0A463200D38CD0 /* Main.storyboard in Resources */,
			);
			runOnlyForDeploymentPostprocessing = 0;
		};
		8C5605741C0A463200D38CD0 /* Resources */ = {
			isa = PBXResourcesBuildPhase;
			buildActionMask = 2147483647;
			files = (
				8C56057F1C0A463200D38CD0 /* Assets.xcassets in Resources */,
				8C56057D1C0A463200D38CD0 /* Interface.storyboard in Resources */,
			);
			runOnlyForDeploymentPostprocessing = 0;
		};
		8C5605831C0A463200D38CD0 /* Resources */ = {
			isa = PBXResourcesBuildPhase;
			buildActionMask = 2147483647;
			files = (
				8C56058F1C0A463200D38CD0 /* Assets.xcassets in Resources */,
			);
			runOnlyForDeploymentPostprocessing = 0;
		};
/* End PBXResourcesBuildPhase section */

/* Begin PBXSourcesBuildPhase section */
		8C5605601C0A463200D38CD0 /* Sources */ = {
			isa = PBXSourcesBuildPhase;
			buildActionMask = 2147483647;
			files = (
				8C56056A1C0A463200D38CD0 /* ViewController.swift in Sources */,
				8C5605681C0A463200D38CD0 /* AppDelegate.swift in Sources */,
			);
			runOnlyForDeploymentPostprocessing = 0;
		};
		8C5605811C0A463200D38CD0 /* Sources */ = {
			isa = PBXSourcesBuildPhase;
			buildActionMask = 2147483647;
			files = (
				8C56058D1C0A463200D38CD0 /* ExtensionDelegate.swift in Sources */,
				8C5605A31C0A692000D38CD0 /* TipoMasaController.swift in Sources */,
				8C5605A71C0A740E00D38CD0 /* IngredientesController.swift in Sources */,
				8C5605A91C0B112700D38CD0 /* PedidoController.swift in Sources */,
				8C5605A11C0A51AA00D38CD0 /* SizePizzaController.swift in Sources */,
				8C56058B1C0A463200D38CD0 /* InterfaceController.swift in Sources */,
				8C5605A51C0A720B00D38CD0 /* TipoQuesoController.swift in Sources */,
			);
			runOnlyForDeploymentPostprocessing = 0;
		};
/* End PBXSourcesBuildPhase section */

/* Begin PBXTargetDependency section */
		8C5605791C0A463200D38CD0 /* PBXTargetDependency */ = {
			isa = PBXTargetDependency;
			target = 8C5605751C0A463200D38CD0 /* AppPizzaWatch WatchKit App */;
			targetProxy = 8C5605781C0A463200D38CD0 /* PBXContainerItemProxy */;
		};
		8C5605881C0A463200D38CD0 /* PBXTargetDependency */ = {
			isa = PBXTargetDependency;
			target = 8C5605841C0A463200D38CD0 /* AppPizzaWatch WatchKit Extension */;
			targetProxy = 8C5605871C0A463200D38CD0 /* PBXContainerItemProxy */;
		};
/* End PBXTargetDependency section */

/* Begin PBXVariantGroup section */
		8C56056B1C0A463200D38CD0 /* Main.storyboard */ = {
			isa = PBXVariantGroup;
			children = (
				8C56056C1C0A463200D38CD0 /* Base */,
			);
			name = Main.storyboard;
			sourceTree = "<group>";
		};
		8C5605701C0A463200D38CD0 /* LaunchScreen.storyboard */ = {
			isa = PBXVariantGroup;
			children = (
				8C5605711C0A463200D38CD0 /* Base */,
			);
			name = LaunchScreen.storyboard;
			sourceTree = "<group>";
		};
		8C56057B1C0A463200D38CD0 /* Interface.storyboard */ = {
			isa = PBXVariantGroup;
			children = (
				8C56057C1C0A463200D38CD0 /* Base */,
			);
			name = Interface.storyboard;
			sourceTree = "<group>";
		};
/* End PBXVariantGroup section */

/* Begin XCBuildConfiguration section */
		8C5605911C0A463200D38CD0 /* Debug */ = {
			isa = XCBuildConfiguration;
			buildSettings = {
				ALWAYS_SEARCH_USER_PATHS = NO;
				CLANG_CXX_LANGUAGE_STANDARD = "gnu++0x";
				CLANG_CXX_LIBRARY = "libc++";
				CLANG_ENABLE_MODULES = YES;
				CLANG_ENABLE_OBJC_ARC = YES;
				CLANG_WARN_BOOL_CONVERSION = YES;
				CLANG_WARN_CONSTANT_CONVERSION = YES;
				CLANG_WARN_DIRECT_OBJC_ISA_USAGE = YES_ERROR;
				CLANG_WARN_EMPTY_BODY = YES;
				CLANG_WARN_ENUM_CONVERSION = YES;
				CLANG_WARN_INT_CONVERSION = YES;
				CLANG_WARN_OBJC_ROOT_CLASS = YES_ERROR;
				CLANG_WARN_UNREACHABLE_CODE = YES;
				CLANG_WARN__DUPLICATE_METHOD_MATCH = YES;
				"CODE_SIGN_IDENTITY[sdk=iphoneos*]" = "iPhone Developer";
				COPY_PHASE_STRIP = NO;
				DEBUG_INFORMATION_FORMAT = dwarf;
				ENABLE_STRICT_OBJC_MSGSEND = YES;
				ENABLE_TESTABILITY = YES;
				GCC_C_LANGUAGE_STANDARD = gnu99;
				GCC_DYNAMIC_NO_PIC = NO;
				GCC_NO_COMMON_BLOCKS = YES;
				GCC_OPTIMIZATION_LEVEL = 0;
				GCC_PREPROCESSOR_DEFINITIONS = (
					"DEBUG=1",
					"$(inherited)",
				);
				GCC_WARN_64_TO_32_BIT_CONVERSION = YES;
				GCC_WARN_ABOUT_RETURN_TYPE = YES_ERROR;
				GCC_WARN_UNDECLARED_SELECTOR = YES;
				GCC_WARN_UNINITIALIZED_AUTOS = YES_AGGRESSIVE;
				GCC_WARN_UNUSED_FUNCTION = YES;
				GCC_WARN_UNUSED_VARIABLE = YES;
				IPHONEOS_DEPLOYMENT_TARGET = 9.1;
				MTL_ENABLE_DEBUG_INFO = YES;
				ONLY_ACTIVE_ARCH = YES;
				SDKROOT = iphoneos;
				SWIFT_OPTIMIZATION_LEVEL = "-Onone";
				TARGETED_DEVICE_FAMILY = "1,2";
			};
			name = Debug;
		};
		8C5605921C0A463200D38CD0 /* Release */ = {
			isa = XCBuildConfiguration;
			buildSettings = {
				ALWAYS_SEARCH_USER_PATHS = NO;
				CLANG_CXX_LANGUAGE_STANDARD = "gnu++0x";
				CLANG_CXX_LIBRARY = "libc++";
				CLANG_ENABLE_MODULES = YES;
				CLANG_ENABLE_OBJC_ARC = YES;
				CLANG_WARN_BOOL_CONVERSION = YES;
				CLANG_WARN_CONSTANT_CONVERSION = YES;
				CLANG_WARN_DIRECT_OBJC_ISA_USAGE = YES_ERROR;
				CLANG_WARN_EMPTY_BODY = YES;
				CLANG_WARN_ENUM_CONVERSION = YES;
				CLANG_WARN_INT_CONVERSION = YES;
				CLANG_WARN_OBJC_ROOT_CLASS = YES_ERROR;
				CLANG_WARN_UNREACHABLE_CODE = YES;
				CLANG_WARN__DUPLICATE_METHOD_MATCH = YES;
				"CODE_SIGN_IDENTITY[sdk=iphoneos*]" = "iPhone Developer";
				COPY_PHASE_STRIP = NO;
				DEBUG_INFORMATION_FORMAT = "dwarf-with-dsym";
				ENABLE_NS_ASSERTIONS = NO;
				ENABLE_STRICT_OBJC_MSGSEND = YES;
				GCC_C_LANGUAGE_STANDARD = gnu99;
				GCC_NO_COMMON_BLOCKS = YES;
				GCC_WARN_64_TO_32_BIT_CONVERSION = YES;
				GCC_WARN_ABOUT_RETURN_TYPE = YES_ERROR;
				GCC_WARN_UNDECLARED_SELECTOR = YES;
				GCC_WARN_UNINITIALIZED_AUTOS = YES_AGGRESSIVE;
				GCC_WARN_UNUSED_FUNCTION = YES;
				GCC_WARN_UNUSED_VARIABLE = YES;
				IPHONEOS_DEPLOYMENT_TARGET = 9.1;
				MTL_ENABLE_DEBUG_INFO = NO;
				SDKROOT = iphoneos;
				TARGETED_DEVICE_FAMILY = "1,2";
				VALIDATE_PRODUCT = YES;
			};
			name = Release;
		};
		8C5605941C0A463200D38CD0 /* Debug */ = {
			isa = XCBuildConfiguration;
			buildSettings = {
				INFOPLIST_FILE = "AppPizzaWatch WatchKit Extension/Info.plist";
				LD_RUNPATH_SEARCH_PATHS = "$(inherited) @executable_path/Frameworks @executable_path/../../Frameworks";
				PRODUCT_BUNDLE_IDENTIFIER = com.lagunahack.AppPizzaWatch.watchkitapp.watchkitextension;
				PRODUCT_NAME = "${TARGET_NAME}";
				SDKROOT = watchos;
				SKIP_INSTALL = YES;
				TARGETED_DEVICE_FAMILY = 4;
				WATCHOS_DEPLOYMENT_TARGET = 2.0;
			};
			name = Debug;
		};
		8C5605951C0A463200D38CD0 /* Release */ = {
			isa = XCBuildConfiguration;
			buildSettings = {
				INFOPLIST_FILE = "AppPizzaWatch WatchKit Extension/Info.plist";
				LD_RUNPATH_SEARCH_PATHS = "$(inherited) @executable_path/Frameworks @executable_path/../../Frameworks";
				PRODUCT_BUNDLE_IDENTIFIER = com.lagunahack.AppPizzaWatch.watchkitapp.watchkitextension;
				PRODUCT_NAME = "${TARGET_NAME}";
				SDKROOT = watchos;
				SKIP_INSTALL = YES;
				TARGETED_DEVICE_FAMILY = 4;
				WATCHOS_DEPLOYMENT_TARGET = 2.0;
			};
			name = Release;
		};
		8C5605981C0A463200D38CD0 /* Debug */ = {
			isa = XCBuildConfiguration;
			buildSettings = {
				ASSETCATALOG_COMPILER_APPICON_NAME = AppIcon;
				EMBEDDED_CONTENT_CONTAINS_SWIFT = YES;
				IBSC_MODULE = AppPizzaWatch_WatchKit_Extension;
				INFOPLIST_FILE = "AppPizzaWatch WatchKit App/Info.plist";
				PRODUCT_BUNDLE_IDENTIFIER = com.lagunahack.AppPizzaWatch.watchkitapp;
				PRODUCT_NAME = "$(TARGET_NAME)";
				SDKROOT = watchos;
				SKIP_INSTALL = YES;
				TARGETED_DEVICE_FAMILY = 4;
				WATCHOS_DEPLOYMENT_TARGET = 2.0;
			};
			name = Debug;
		};
		8C5605991C0A463200D38CD0 /* Release */ = {
			isa = XCBuildConfiguration;
			buildSettings = {
				ASSETCATALOG_COMPILER_APPICON_NAME = AppIcon;
				EMBEDDED_CONTENT_CONTAINS_SWIFT = YES;
				IBSC_MODULE = AppPizzaWatch_WatchKit_Extension;
				INFOPLIST_FILE = "AppPizzaWatch WatchKit App/Info.plist";
				PRODUCT_BUNDLE_IDENTIFIER = com.lagunahack.AppPizzaWatch.watchkitapp;
				PRODUCT_NAME = "$(TARGET_NAME)";
				SDKROOT = watchos;
				SKIP_INSTALL = YES;
				TARGETED_DEVICE_FAMILY = 4;
				WATCHOS_DEPLOYMENT_TARGET = 2.0;
			};
			name = Release;
		};
		8C56059C1C0A463200D38CD0 /* Debug */ = {
			isa = XCBuildConfiguration;
			buildSettings = {
				ASSETCATALOG_COMPILER_APPICON_NAME = AppIcon;
				INFOPLIST_FILE = AppPizzaWatch/Info.plist;
				LD_RUNPATH_SEARCH_PATHS = "$(inherited) @executable_path/Frameworks";
				PRODUCT_BUNDLE_IDENTIFIER = com.lagunahack.AppPizzaWatch;
				PRODUCT_NAME = "$(TARGET_NAME)";
			};
			name = Debug;
		};
		8C56059D1C0A463200D38CD0 /* Release */ = {
			isa = XCBuildConfiguration;
			buildSettings = {
				ASSETCATALOG_COMPILER_APPICON_NAME = AppIcon;
				INFOPLIST_FILE = AppPizzaWatch/Info.plist;
				LD_RUNPATH_SEARCH_PATHS = "$(inherited) @executable_path/Frameworks";
				PRODUCT_BUNDLE_IDENTIFIER = com.lagunahack.AppPizzaWatch;
				PRODUCT_NAME = "$(TARGET_NAME)";
			};
			name = Release;
		};
/* End XCBuildConfiguration section */

/* Begin XCConfigurationList section */
		8C56055F1C0A463200D38CD0 /* Build configuration list for PBXProject "AppPizzaWatch" */ = {
			isa = XCConfigurationList;
			buildConfigurations = (
				8C5605911C0A463200D38CD0 /* Debug */,
				8C5605921C0A463200D38CD0 /* Release */,
			);
			defaultConfigurationIsVisible = 0;
			defaultConfigurationName = Release;
		};
		8C5605931C0A463200D38CD0 /* Build configuration list for PBXNativeTarget "AppPizzaWatch WatchKit Extension" */ = {
			isa = XCConfigurationList;
			buildConfigurations = (
				8C5605941C0A463200D38CD0 /* Debug */,
				8C5605951C0A463200D38CD0 /* Release */,
			);
			defaultConfigurationIsVisible = 0;
		};
		8C5605971C0A463200D38CD0 /* Build configuration list for PBXNativeTarget "AppPizzaWatch WatchKit App" */ = {
			isa = XCConfigurationList;
			buildConfigurations = (
				8C5605981C0A463200D38CD0 /* Debug */,
				8C5605991C0A463200D38CD0 /* Release */,
			);
			defaultConfigurationIsVisible = 0;
		};
		8C56059B1C0A463200D38CD0 /* Build configuration list for PBXNativeTarget "AppPizzaWatch" */ = {
			isa = XCConfigurationList;
			buildConfigurations = (
				8C56059C1C0A463200D38CD0 /* Debug */,
				8C56059D1C0A463200D38CD0 /* Release */,
			);
			defaultConfigurationIsVisible = 0;
		};
/* End XCConfigurationList section */
	};
	rootObject = 8C56055C1C0A463200D38CD0 /* Project object */;
}
